
Microsoft Visual Studio Solution File, Format Version 12.00
# Visual Studio 15
VisualStudioVersion = 15.0.28307.421
MinimumVisualStudioVersion = 10.0.40219.1
Project("{FAE04EC0-301F-11D3-BF4B-00C04F79EFBC}") = "Zarate.Franco.2A.TP3", "Zarate.Franco.2A.TP3\Zarate.Franco.2A.TP3.csproj", "{A7A40037-CBA3-461B-A319-943D571A28D2}"
EndProject
Global
	GlobalSection(SolutionConfigurationPlatforms) = preSolution
		Debug|Any CPU = Debug|Any CPU
		Release|Any CPU = Release|Any CPU
	EndGlobalSection
	GlobalSection(ProjectConfigurationPlatforms) = postSolution
		{A7A40037-CBA3-461B-A319-943D571A28D2}.Debug|Any CPU.ActiveCfg = Debug|Any CPU
		{A7A40037-CBA3-461B-A319-943D571A28D2}.Debug|Any CPU.Build.0 = Debug|Any CPU
		{A7A40037-CBA3-461B-A319-943D571A28D2}.Release|Any CPU.ActiveCfg = Release|Any CPU
		{A7A40037-CBA3-461B-A319-943D571A28D2}.Release|Any CPU.Build.0 = Release|Any CPU
	EndGlobalSection
	GlobalSection(SolutionProperties) = preSolution
		HideSolutionNode = FALSE
	EndGlobalSection
	GlobalSection(ExtensibilityGlobals) = postSolution
		SolutionGuid = {8425018D-03FC-4FE2-8E8B-F87918460427}
	EndGlobalSection
EndGlobal
